// !$*UTF8*$!
{
	archiveVersion = 1;
	classes = {
	};
	objectVersion = 55;
	objects = {

/* Begin PBXBuildFile section */
		FAADB88F27B9204F00E15F2C /* AppDelegate.swift in Sources */ = {isa = PBXBuildFile; fileRef = FAADB88E27B9204F00E15F2C /* AppDelegate.swift */; };
		FAADB89127B9204F00E15F2C /* SceneDelegate.swift in Sources */ = {isa = PBXBuildFile; fileRef = FAADB89027B9204F00E15F2C /* SceneDelegate.swift */; };
		FAADB89627B9204F00E15F2C /* Main.storyboard in Resources */ = {isa = PBXBuildFile; fileRef = FAADB89427B9204F00E15F2C /* Main.storyboard */; };
		FAADB89827B9205200E15F2C /* Assets.xcassets in Resources */ = {isa = PBXBuildFile; fileRef = FAADB89727B9205200E15F2C /* Assets.xcassets */; };
		FAADB89B27B9205200E15F2C /* LaunchScreen.storyboard in Resources */ = {isa = PBXBuildFile; fileRef = FAADB89927B9205200E15F2C /* LaunchScreen.storyboard */; };
		FAADB8A327B9220B00E15F2C /* MainViewController.swift in Sources */ = {isa = PBXBuildFile; fileRef = FAADB8A227B9220B00E15F2C /* MainViewController.swift */; };
		FAADB8A527B9290400E15F2C /* MainViewCell.swift in Sources */ = {isa = PBXBuildFile; fileRef = FAADB8A427B9290400E15F2C /* MainViewCell.swift */; };
		FAADB8A927B92B6C00E15F2C /* Data model.swift in Sources */ = {isa = PBXBuildFile; fileRef = FAADB8A827B92B6C00E15F2C /* Data model.swift */; };
/* End PBXBuildFile section */

/* Begin PBXFileReference section */
		FAADB88B27B9204F00E15F2C /* TestTableViewApp.app */ = {isa = PBXFileReference; explicitFileType = wrapper.application; includeInIndex = 0; path = TestTableViewApp.app; sourceTree = BUILT_PRODUCTS_DIR; };
		FAADB88E27B9204F00E15F2C /* AppDelegate.swift */ = {isa = PBXFileReference; lastKnownFileType = sourcecode.swift; path = AppDelegate.swift; sourceTree = "<group>"; };
		FAADB89027B9204F00E15F2C /* SceneDelegate.swift */ = {isa = PBXFileReference; lastKnownFileType = sourcecode.swift; path = SceneDelegate.swift; sourceTree = "<group>"; };
		FAADB89527B9204F00E15F2C /* Base */ = {isa = PBXFileReference; lastKnownFileType = file.storyboard; name = Base; path = Base.lproj/Main.storyboard; sourceTree = "<group>"; };
		FAADB89727B9205200E15F2C /* Assets.xcassets */ = {isa = PBXFileReference; lastKnownFileType = folder.assetcatalog; path = Assets.xcassets; sourceTree = "<group>"; };
		FAADB89A27B9205200E15F2C /* Base */ = {isa = PBXFileReference; lastKnownFileType = file.storyboard; name = Base; path = Base.lproj/LaunchScreen.storyboard; sourceTree = "<group>"; };
		FAADB89C27B9205200E15F2C /* Info.plist */ = {isa = PBXFileReference; lastKnownFileType = text.plist.xml; path = Info.plist; sourceTree = "<group>"; };
		FAADB8A227B9220B00E15F2C /* MainViewController.swift */ = {isa = PBXFileReference; lastKnownFileType = sourcecode.swift; path = MainViewController.swift; sourceTree = "<group>"; };
		FAADB8A427B9290400E15F2C /* MainViewCell.swift */ = {isa = PBXFileReference; lastKnownFileType = sourcecode.swift; path = MainViewCell.swift; sourceTree = "<group>"; };
		FAADB8A827B92B6C00E15F2C /* Data model.swift */ = {isa = PBXFileReference; lastKnownFileType = sourcecode.swift; path = "Data model.swift"; sourceTree = "<group>"; };
/* End PBXFileReference section */

/* Begin PBXFrameworksBuildPhase section */
		FAADB88827B9204F00E15F2C /* Frameworks */ = {
			isa = PBXFrameworksBuildPhase;
			buildActionMask = 2147483647;
			files = (
			);
			runOnlyForDeploymentPostprocessing = 0;
		};
/* End PBXFrameworksBuildPhase section */

/* Begin PBXGroup section */
		FAADB88227B9204F00E15F2C = {
			isa = PBXGroup;
			children = (
				FAADB88D27B9204F00E15F2C /* TestTableViewApp */,
				FAADB88C27B9204F00E15F2C /* Products */,
			);
			sourceTree = "<group>";
		};
		FAADB88C27B9204F00E15F2C /* Products */ = {
			isa = PBXGroup;
			children = (
				FAADB88B27B9204F00E15F2C /* TestTableViewApp.app */,
			);
			name = Products;
			sourceTree = "<group>";
		};
		FAADB88D27B9204F00E15F2C /* TestTableViewApp */ = {
			isa = PBXGroup;
			children = (
				FAADB88E27B9204F00E15F2C /* AppDelegate.swift */,
				FAADB89027B9204F00E15F2C /* SceneDelegate.swift */,
				FAADB8A827B92B6C00E15F2C /* Data model.swift */,
				FAADB8A727B92B4800E15F2C /* Main V */,
				FAADB8A627B92B2700E15F2C /* Main C */,
				FAADB89727B9205200E15F2C /* Assets.xcassets */,
				FAADB89927B9205200E15F2C /* LaunchScreen.storyboard */,
				FAADB89C27B9205200E15F2C /* Info.plist */,
			);
			path = TestTableViewApp;
			sourceTree = "<group>";
		};
		FAADB8A627B92B2700E15F2C /* Main C */ = {
			isa = PBXGroup;
			children = (
				FAADB8A427B9290400E15F2C /* MainViewCell.swift */,
				FAADB8A227B9220B00E15F2C /* MainViewController.swift */,
			);
			path = "Main C";
			sourceTree = "<group>";
		};
		FAADB8A727B92B4800E15F2C /* Main V */ = {
			isa = PBXGroup;
			children = (
				FAADB89427B9204F00E15F2C /* Main.storyboard */,
			);
			path = "Main V";
			sourceTree = "<group>";
		};
/* End PBXGroup section */

/* Begin PBXNativeTarget section */
		FAADB88A27B9204F00E15F2C /* TestTableViewApp */ = {
			isa = PBXNativeTarget;
			buildConfigurationList = FAADB89F27B9205200E15F2C /* Build configuration list for PBXNativeTarget "TestTableViewApp" */;
			buildPhases = (
				FAADB88727B9204F00E15F2C /* Sources */,
				FAADB88827B9204F00E15F2C /* Frameworks */,
				FAADB88927B9204F00E15F2C /* Resources */,
			);
			buildRules = (
			);
			dependencies = (
			);
			name = TestTableViewApp;
			productName = TestTableViewApp;
			productReference = FAADB88B27B9204F00E15F2C /* TestTableViewApp.app */;
			productType = "com.apple.product-type.application";
		};
/* End PBXNativeTarget section */

/* Begin PBXProject section */
		FAADB88327B9204F00E15F2C /* Project object */ = {
			isa = PBXProject;
			attributes = {
				BuildIndependentTargetsInParallel = 1;
				LastSwiftUpdateCheck = 1320;
				LastUpgradeCheck = 1320;
				TargetAttributes = {
					FAADB88A27B9204F00E15F2C = {
						CreatedOnToolsVersion = 13.2.1;
					};
				};
			};
			buildConfigurationList = FAADB88627B9204F00E15F2C /* Build configuration list for PBXProject "TestTableViewApp" */;
			compatibilityVersion = "Xcode 13.0";
			developmentRegion = en;
			hasScannedForEncodings = 0;
			knownRegions = (
				en,
				Base,
			);
			mainGroup = FAADB88227B9204F00E15F2C;
			productRefGroup = FAADB88C27B9204F00E15F2C /* Products */;
			projectDirPath = "";
			projectRoot = "";
			targets = (
				FAADB88A27B9204F00E15F2C /* TestTableViewApp */,
			);
		};
/* End PBXProject section */

/* Begin PBXResourcesBuildPhase section */
		FAADB88927B9204F00E15F2C /* Resources */ = {
			isa = PBXResourcesBuildPhase;
			buildActionMask = 2147483647;
			files = (
				FAADB89B27B9205200E15F2C /* LaunchScreen.storyboard in Resources */,
				FAADB89827B9205200E15F2C /* Assets.xcassets in Resources */,
				FAADB89627B9204F00E15F2C /* Main.storyboard in Resources */,
			);
			runOnlyForDeploymentPostprocessing = 0;
		};
/* End PBXResourcesBuildPhase section */

/* Begin PBXSourcesBuildPhase section */
		FAADB88727B9204F00E15F2C /* Sources */ = {
			isa = PBXSourcesBuildPhase;
			buildActionMask = 2147483647;
			files = (
				FAADB8A327B9220B00E15F2C /* MainViewController.swift in Sources */,
				FAADB8A527B9290400E15F2C /* MainViewCell.swift in Sources */,
				FAADB8A927B92B6C00E15F2C /* Data model.swift in Sources */,
				FAADB88F27B9204F00E15F2C /* AppDelegate.swift in Sources */,
				FAADB89127B9204F00E15F2C /* SceneDelegate.swift in Sources */,
			);
			runOnlyForDeploymentPostprocessing = 0;
		};
/* End PBXSourcesBuildPhase section */

/* Begin PBXVariantGroup section */
		FAADB89427B9204F00E15F2C /* Main.storyboard */ = {
			isa = PBXVariantGroup;
			children = (
				FAADB89527B9204F00E15F2C /* Base */,
			);
			name = Main.storyboard;
			sourceTree = "<group>";
		};
		FAADB89927B9205200E15F2C /* LaunchScreen.storyboard */ = {
			isa = PBXVariantGroup;
			children = (
				FAADB89A27B9205200E15F2C /* Base */,
			);
			name = LaunchScreen.storyboard;
			sourceTree = "<group>";
		};
/* End PBXVariantGroup section */

/* Begin XCBuildConfiguration section */
		FAADB89D27B9205200E15F2C /* Debug */ = {
			isa = XCBuildConfiguration;
			buildSettings = {
				ALWAYS_SEARCH_USER_PATHS = NO;
				CLANG_ANALYZER_NONNULL = YES;
				CLANG_ANALYZER_NUMBER_OBJECT_CONVERSION = YES_AGGRESSIVE;
				CLANG_CXX_LANGUAGE_STANDARD = "gnu++17";
				CLANG_CXX_LIBRARY = "libc++";
				CLANG_ENABLE_MODULES = YES;
				CLANG_ENABLE_OBJC_ARC = YES;
				CLANG_ENABLE_OBJC_WEAK = YES;
				CLANG_WARN_BLOCK_CAPTURE_AUTORELEASING = YES;
				CLANG_WARN_BOOL_CONVERSION = YES;
				CLANG_WARN_COMMA = YES;
				CLANG_WARN_CONSTANT_CONVERSION = YES;
				CLANG_WARN_DEPRECATED_OBJC_IMPLEMENTATIONS = YES;
				CLANG_WARN_DIRECT_OBJC_ISA_USAGE = YES_ERROR;
				CLANG_WARN_DOCUMENTATION_COMMENTS = YES;
				CLANG_WARN_EMPTY_BODY = YES;
				CLANG_WARN_ENUM_CONVERSION = YES;
				CLANG_WARN_INFINITE_RECURSION = YES;
				CLANG_WARN_INT_CONVERSION = YES;
				CLANG_WARN_NON_LITERAL_NULL_CONVERSION = YES;
				CLANG_WARN_OBJC_IMPLICIT_RETAIN_SELF = YES;
				CLANG_WARN_OBJC_LITERAL_CONVERSION = YES;
				CLANG_WARN_OBJC_ROOT_CLASS = YES_ERROR;
				CLANG_WARN_QUOTED_INCLUDE_IN_FRAMEWORK_HEADER = YES;
				CLANG_WARN_RANGE_LOOP_ANALYSIS = YES;
				CLANG_WARN_STRICT_PROTOTYPES = YES;
				CLANG_WARN_SUSPICIOUS_MOVE = YES;
				CLANG_WARN_UNGUARDED_AVAILABILITY = YES_AGGRESSIVE;
				CLANG_WARN_UNREACHABLE_CODE = YES;
				CLANG_WARN__DUPLICATE_METHOD_MATCH = YES;
				COPY_PHASE_STRIP = NO;
				DEBUG_INFORMATION_FORMAT = dwarf;
				ENABLE_STRICT_OBJC_MSGSEND = YES;
				ENABLE_TESTABILITY = YES;
				GCC_C_LANGUAGE_STANDARD = gnu11;
				GCC_DYNAMIC_NO_PIC = NO;
				GCC_NO_COMMON_BLOCKS = YES;
				GCC_OPTIMIZATION_LEVEL = 0;
				GCC_PREPROCESSOR_DEFINITIONS = (
					"DEBUG=1",
					"$(inherited)",
				);
				GCC_WARN_64_TO_32_BIT_CONVERSION = YES;
				GCC_WARN_ABOUT_RETURN_TYPE = YES_ERROR;
				GCC_WARN_UNDECLARED_SELECTOR = YES;
				GCC_WARN_UNINITIALIZED_AUTOS = YES_AGGRESSIVE;
				GCC_WARN_UNUSED_FUNCTION = YES;
				GCC_WARN_UNUSED_VARIABLE = YES;
				IPHONEOS_DEPLOYMENT_TARGET = 15.2;
				MTL_ENABLE_DEBUG_INFO = INCLUDE_SOURCE;
				MTL_FAST_MATH = YES;
				ONLY_ACTIVE_ARCH = YES;
				SDKROOT = iphoneos;
				SWIFT_ACTIVE_COMPILATION_CONDITIONS = DEBUG;
				SWIFT_OPTIMIZATION_LEVEL = "-Onone";
			};
			name = Debug;
		};
		FAADB89E27B9205200E15F2C /* Release */ = {
			isa = XCBuildConfiguration;
			buildSettings = {
				ALWAYS_SEARCH_USER_PATHS = NO;
				CLANG_ANALYZER_NONNULL = YES;
				CLANG_ANALYZER_NUMBER_OBJECT_CONVERSION = YES_AGGRESSIVE;
				CLANG_CXX_LANGUAGE_STANDARD = "gnu++17";
				CLANG_CXX_LIBRARY = "libc++";
				CLANG_ENABLE_MODULES = YES;
				CLANG_ENABLE_OBJC_ARC = YES;
				CLANG_ENABLE_OBJC_WEAK = YES;
				CLANG_WARN_BLOCK_CAPTURE_AUTORELEASING = YES;
				CLANG_WARN_BOOL_CONVERSION = YES;
				CLANG_WARN_COMMA = YES;
				CLANG_WARN_CONSTANT_CONVERSION = YES;
				CLANG_WARN_DEPRECATED_OBJC_IMPLEMENTATIONS = YES;
				CLANG_WARN_DIRECT_OBJC_ISA_USAGE = YES_ERROR;
				CLANG_WARN_DOCUMENTATION_COMMENTS = YES;
				CLANG_WARN_EMPTY_BODY = YES;
				CLANG_WARN_ENUM_CONVERSION = YES;
				CLANG_WARN_INFINITE_RECURSION = YES;
				CLANG_WARN_INT_CONVERSION = YES;
				CLANG_WARN_NON_LITERAL_NULL_CONVERSION = YES;
				CLANG_WARN_OBJC_IMPLICIT_RETAIN_SELF = YES;
				CLANG_WARN_OBJC_LITERAL_CONVERSION = YES;
				CLANG_WARN_OBJC_ROOT_CLASS = YES_ERROR;
				CLANG_WARN_QUOTED_INCLUDE_IN_FRAMEWORK_HEADER = YES;
				CLANG_WARN_RANGE_LOOP_ANALYSIS = YES;
				CLANG_WARN_STRICT_PROTOTYPES = YES;
				CLANG_WARN_SUSPICIOUS_MOVE = YES;
				CLANG_WARN_UNGUARDED_AVAILABILITY = YES_AGGRESSIVE;
				CLANG_WARN_UNREACHABLE_CODE = YES;
				CLANG_WARN__DUPLICATE_METHOD_MATCH = YES;
				COPY_PHASE_STRIP = NO;
				DEBUG_INFORMATION_FORMAT = "dwarf-with-dsym";
				ENABLE_NS_ASSERTIONS = NO;
				ENABLE_STRICT_OBJC_MSGSEND = YES;
				GCC_C_LANGUAGE_STANDARD = gnu11;
				GCC_NO_COMMON_BLOCKS = YES;
				GCC_WARN_64_TO_32_BIT_CONVERSION = YES;
				GCC_WARN_ABOUT_RETURN_TYPE = YES_ERROR;
				GCC_WARN_UNDECLARED_SELECTOR = YES;
				GCC_WARN_UNINITIALIZED_AUTOS = YES_AGGRESSIVE;
				GCC_WARN_UNUSED_FUNCTION = YES;
				GCC_WARN_UNUSED_VARIABLE = YES;
				IPHONEOS_DEPLOYMENT_TARGET = 15.2;
				MTL_ENABLE_DEBUG_INFO = NO;
				MTL_FAST_MATH = YES;
				SDKROOT = iphoneos;
				SWIFT_COMPILATION_MODE = wholemodule;
				SWIFT_OPTIMIZATION_LEVEL = "-O";
				VALIDATE_PRODUCT = YES;
			};
			name = Release;
		};
		FAADB8A027B9205200E15F2C /* Debug */ = {
			isa = XCBuildConfiguration;
			buildSettings = {
				ASSETCATALOG_COMPILER_APPICON_NAME = AppIcon;
				ASSETCATALOG_COMPILER_GLOBAL_ACCENT_COLOR_NAME = AccentColor;
				CODE_SIGN_STYLE = Automatic;
				CURRENT_PROJECT_VERSION = 1;
				DEVELOPMENT_TEAM = L52Y2D4NQN;
				GENERATE_INFOPLIST_FILE = YES;
				INFOPLIST_FILE = TestTableViewApp/Info.plist;
				INFOPLIST_KEY_UIApplicationSupportsIndirectInputEvents = YES;
				INFOPLIST_KEY_UILaunchStoryboardName = LaunchScreen;
				INFOPLIST_KEY_UIMainStoryboardFile = Main;
				INFOPLIST_KEY_UISupportedInterfaceOrientations_iPad = "UIInterfaceOrientationPortrait UIInterfaceOrientationPortraitUpsideDown UIInterfaceOrientationLandscapeLeft UIInterfaceOrientationLandscapeRight";
				INFOPLIST_KEY_UISupportedInterfaceOrientations_iPhone = "UIInterfaceOrientationPortrait UIInterfaceOrientationLandscapeLeft UIInterfaceOrientationLandscapeRight";
				LD_RUNPATH_SEARCH_PATHS = (
					"$(inherited)",
					"@executable_path/Frameworks",
				);
				MARKETING_VERSION = 1.0;
				PRODUCT_BUNDLE_IDENTIFIER = test.TestTableViewApp;
				PRODUCT_NAME = "$(TARGET_NAME)";
				SWIFT_EMIT_LOC_STRINGS = YES;
				SWIFT_VERSION = 5.0;
				TARGETED_DEVICE_FAMILY = "1,2";
			};
			name = Debug;
		};
		FAADB8A127B9205200E15F2C /* Release */ = {
			isa = XCBuildConfiguration;
			buildSettings = {
				ASSETCATALOG_COMPILER_APPICON_NAME = AppIcon;
				ASSETCATALOG_COMPILER_GLOBAL_ACCENT_COLOR_NAME = AccentColor;
				CODE_SIGN_STYLE = Automatic;
				CURRENT_PROJECT_VERSION = 1;
				DEVELOPMENT_TEAM = L52Y2D4NQN;
				GENERATE_INFOPLIST_FILE = YES;
				INFOPLIST_FILE = TestTableViewApp/Info.plist;
				INFOPLIST_KEY_UIApplicationSupportsIndirectInputEvents = YES;
				INFOPLIST_KEY_UILaunchStoryboardName = LaunchScreen;
				INFOPLIST_KEY_UIMainStoryboardFile = Main;
				INFOPLIST_KEY_UISupportedInterfaceOrientations_iPad = "UIInterfaceOrientationPortrait UIInterfaceOrientationPortraitUpsideDown UIInterfaceOrientationLandscapeLeft UIInterfaceOrientationLandscapeRight";
				INFOPLIST_KEY_UISupportedInterfaceOrientations_iPhone = "UIInterfaceOrientationPortrait UIInterfaceOrientationLandscapeLeft UIInterfaceOrientationLandscapeRight";
				LD_RUNPATH_SEARCH_PATHS = (
					"$(inherited)",
					"@executable_path/Frameworks",
				);
				MARKETING_VERSION = 1.0;
				PRODUCT_BUNDLE_IDENTIFIER = test.TestTableViewApp;
				PRODUCT_NAME = "$(TARGET_NAME)";
				SWIFT_EMIT_LOC_STRINGS = YES;
				SWIFT_VERSION = 5.0;
				TARGETED_DEVICE_FAMILY = "1,2";
			};
			name = Release;
		};
/* End XCBuildConfiguration section */

/* Begin XCConfigurationList section */
		FAADB88627B9204F00E15F2C /* Build configuration list for PBXProject "TestTableViewApp" */ = {
			isa = XCConfigurationList;
			buildConfigurations = (
				FAADB89D27B9205200E15F2C /* Debug */,
				FAADB89E27B9205200E15F2C /* Release */,
			);
			defaultConfigurationIsVisible = 0;
			defaultConfigurationName = Release;
		};
		FAADB89F27B9205200E15F2C /* Build configuration list for PBXNativeTarget "TestTableViewApp" */ = {
			isa = XCConfigurationList;
			buildConfigurations = (
				FAADB8A027B9205200E15F2C /* Debug */,
				FAADB8A127B9205200E15F2C /* Release */,
			);
			defaultConfigurationIsVisible = 0;
			defaultConfigurationName = Release;
		};
/* End XCConfigurationList section */
	};
	rootObject = FAADB88327B9204F00E15F2C /* Project object */;
}
